
Microsoft Visual Studio Solution File, Format Version 12.00
# Visual Studio Version 17
VisualStudioVersion = 17.6.33815.320
MinimumVisualStudioVersion = 10.0.40219.1
Project("{8BC9CEB8-8B4A-11D0-8D11-00A0C91BC942}") = "5.0 laba", "5.0 laba.vcxproj", "{A7EF61D8-A1FC-494A-9016-A1F0F14C2C31}"
EndProject
Project("{8BC9CEB8-8B4A-11D0-8D11-00A0C91BC942}") = "5.1", "..\5.1\5.1.vcxproj", "{9F59237C-9669-42CE-8FB2-79776BE7B3B0}"
EndProject
Project("{8BC9CEB8-8B4A-11D0-8D11-00A0C91BC942}") = "5.2", "..\5.2\5.2.vcxproj", "{DBDA7799-E098-487F-91BE-A6A770373288}"
EndProject
Global
	GlobalSection(SolutionConfigurationPlatforms) = preSolution
		Debug|x64 = Debug|x64
		Debug|x86 = Debug|x86
		Release|x64 = Release|x64
		Release|x86 = Release|x86
	EndGlobalSection
	GlobalSection(ProjectConfigurationPlatforms) = postSolution
		{A7EF61D8-A1FC-494A-9016-A1F0F14C2C31}.Debug|x64.ActiveCfg = Debug|x64
		{A7EF61D8-A1FC-494A-9016-A1F0F14C2C31}.Debug|x64.Build.0 = Debug|x64
		{A7EF61D8-A1FC-494A-9016-A1F0F14C2C31}.Debug|x86.ActiveCfg = Debug|Win32
		{A7EF61D8-A1FC-494A-9016-A1F0F14C2C31}.Debug|x86.Build.0 = Debug|Win32
		{A7EF61D8-A1FC-494A-9016-A1F0F14C2C31}.Release|x64.ActiveCfg = Release|x64
		{A7EF61D8-A1FC-494A-9016-A1F0F14C2C31}.Release|x64.Build.0 = Release|x64
		{A7EF61D8-A1FC-494A-9016-A1F0F14C2C31}.Release|x86.ActiveCfg = Release|Win32
		{A7EF61D8-A1FC-494A-9016-A1F0F14C2C31}.Release|x86.Build.0 = Release|Win32
		{9F59237C-9669-42CE-8FB2-79776BE7B3B0}.Debug|x64.ActiveCfg = Debug|x64
		{9F59237C-9669-42CE-8FB2-79776BE7B3B0}.Debug|x64.Build.0 = Debug|x64
		{9F59237C-9669-42CE-8FB2-79776BE7B3B0}.Debug|x86.ActiveCfg = Debug|Win32
		{9F59237C-9669-42CE-8FB2-79776BE7B3B0}.Debug|x86.Build.0 = Debug|Win32
		{9F59237C-9669-42CE-8FB2-79776BE7B3B0}.Release|x64.ActiveCfg = Release|x64
		{9F59237C-9669-42CE-8FB2-79776BE7B3B0}.Release|x64.Build.0 = Release|x64
		{9F59237C-9669-42CE-8FB2-79776BE7B3B0}.Release|x86.ActiveCfg = Release|Win32
		{9F59237C-9669-42CE-8FB2-79776BE7B3B0}.Release|x86.Build.0 = Release|Win32
		{DBDA7799-E098-487F-91BE-A6A770373288}.Debug|x64.ActiveCfg = Debug|x64
		{DBDA7799-E098-487F-91BE-A6A770373288}.Debug|x64.Build.0 = Debug|x64
		{DBDA7799-E098-487F-91BE-A6A770373288}.Debug|x86.ActiveCfg = Debug|Win32
		{DBDA7799-E098-487F-91BE-A6A770373288}.Debug|x86.Build.0 = Debug|Win32
		{DBDA7799-E098-487F-91BE-A6A770373288}.Release|x64.ActiveCfg = Release|x64
		{DBDA7799-E098-487F-91BE-A6A770373288}.Release|x64.Build.0 = Release|x64
		{DBDA7799-E098-487F-91BE-A6A770373288}.Release|x86.ActiveCfg = Release|Win32
		{DBDA7799-E098-487F-91BE-A6A770373288}.Release|x86.Build.0 = Release|Win32
	EndGlobalSection
	GlobalSection(SolutionProperties) = preSolution
		HideSolutionNode = FALSE
	EndGlobalSection
	GlobalSection(ExtensibilityGlobals) = postSolution
		SolutionGuid = {281232E0-3747-4BB9-94C3-41FC2104B68D}
	EndGlobalSection
EndGlobal
